
Microsoft Visual Studio Solution File, Format Version 12.00
# Visual Studio Version 16
VisualStudioVersion = 16.0.31019.35
MinimumVisualStudioVersion = 15.0.26124.0
Project("{2150E333-8FDC-42A3-9474-1A3956D46DE8}") = "src", "src", "{DB6F4D1E-3CBF-402D-838B-499378F8DB51}"
EndProject
Project("{9A19103F-16F7-4668-BE54-9A1E7A4F7556}") = "CodeGenerator.ConsoleApp", "src\CodeGenerator.ConsoleApp\CodeGenerator.ConsoleApp.csproj", "{C01EC5CB-F78E-415F-9D52-9F89C68ABC4A}"
EndProject
Project("{9A19103F-16F7-4668-BE54-9A1E7A4F7556}") = "CodeGenerator.Core", "src\CodeGenerator.Core\CodeGenerator.Core.csproj", "{BEDFF3C0-1526-4942-A640-86639012C122}"
EndProject
Project("{9A19103F-16F7-4668-BE54-9A1E7A4F7556}") = "CodeGenerator.Infrastructure", "src\CodeGenerator.Infrastructure\CodeGenerator.Infrastructure.csproj", "{590C323B-06B8-46D2-A97C-07F092C59415}"
EndProject
Project("{9A19103F-16F7-4668-BE54-9A1E7A4F7556}") = "CodeGenerator.Service", "src\CodeGenerator.Service\CodeGenerator.Service.csproj", "{5D04C04E-5023-4A9D-BD35-F07926684C53}"
EndProject
Project("{9A19103F-16F7-4668-BE54-9A1E7A4F7556}") = "CodeGenerator.Mvc", "src\CodeGenerator.Mvc\CodeGenerator.Mvc.csproj", "{33E8B209-2372-4118-929D-B3AA83BDF262}"
EndProject
Project("{2150E333-8FDC-42A3-9474-1A3956D46DE8}") = "test", "test", "{EA80EAF8-56A0-4788-AA29-E770E218B9C1}"
EndProject
Project("{9A19103F-16F7-4668-BE54-9A1E7A4F7556}") = "UnitTest", "test\UnitTest\UnitTest.csproj", "{871E2C2F-5622-4A75-94AE-2D7F39EA20DF}"
EndProject
Global
	GlobalSection(SolutionConfigurationPlatforms) = preSolution
		Debug|Any CPU = Debug|Any CPU
		Debug|x64 = Debug|x64
		Debug|x86 = Debug|x86
		Release|Any CPU = Release|Any CPU
		Release|x64 = Release|x64
		Release|x86 = Release|x86
	EndGlobalSection
	GlobalSection(ProjectConfigurationPlatforms) = postSolution
		{C01EC5CB-F78E-415F-9D52-9F89C68ABC4A}.Debug|Any CPU.ActiveCfg = Debug|Any CPU
		{C01EC5CB-F78E-415F-9D52-9F89C68ABC4A}.Debug|Any CPU.Build.0 = Debug|Any CPU
		{C01EC5CB-F78E-415F-9D52-9F89C68ABC4A}.Debug|x64.ActiveCfg = Debug|Any CPU
		{C01EC5CB-F78E-415F-9D52-9F89C68ABC4A}.Debug|x64.Build.0 = Debug|Any CPU
		{C01EC5CB-F78E-415F-9D52-9F89C68ABC4A}.Debug|x86.ActiveCfg = Debug|Any CPU
		{C01EC5CB-F78E-415F-9D52-9F89C68ABC4A}.Debug|x86.Build.0 = Debug|Any CPU
		{C01EC5CB-F78E-415F-9D52-9F89C68ABC4A}.Release|Any CPU.ActiveCfg = Release|Any CPU
		{C01EC5CB-F78E-415F-9D52-9F89C68ABC4A}.Release|Any CPU.Build.0 = Release|Any CPU
		{C01EC5CB-F78E-415F-9D52-9F89C68ABC4A}.Release|x64.ActiveCfg = Release|Any CPU
		{C01EC5CB-F78E-415F-9D52-9F89C68ABC4A}.Release|x64.Build.0 = Release|Any CPU
		{C01EC5CB-F78E-415F-9D52-9F89C68ABC4A}.Release|x86.ActiveCfg = Release|Any CPU
		{C01EC5CB-F78E-415F-9D52-9F89C68ABC4A}.Release|x86.Build.0 = Release|Any CPU
		{BEDFF3C0-1526-4942-A640-86639012C122}.Debug|Any CPU.ActiveCfg = Debug|Any CPU
		{BEDFF3C0-1526-4942-A640-86639012C122}.Debug|Any CPU.Build.0 = Debug|Any CPU
		{BEDFF3C0-1526-4942-A640-86639012C122}.Debug|x64.ActiveCfg = Debug|Any CPU
		{BEDFF3C0-1526-4942-A640-86639012C122}.Debug|x64.Build.0 = Debug|Any CPU
		{BEDFF3C0-1526-4942-A640-86639012C122}.Debug|x86.ActiveCfg = Debug|Any CPU
		{BEDFF3C0-1526-4942-A640-86639012C122}.Debug|x86.Build.0 = Debug|Any CPU
		{BEDFF3C0-1526-4942-A640-86639012C122}.Release|Any CPU.ActiveCfg = Release|Any CPU
		{BEDFF3C0-1526-4942-A640-86639012C122}.Release|Any CPU.Build.0 = Release|Any CPU
		{BEDFF3C0-1526-4942-A640-86639012C122}.Release|x64.ActiveCfg = Release|Any CPU
		{BEDFF3C0-1526-4942-A640-86639012C122}.Release|x64.Build.0 = Release|Any CPU
		{BEDFF3C0-1526-4942-A640-86639012C122}.Release|x86.ActiveCfg = Release|Any CPU
		{BEDFF3C0-1526-4942-A640-86639012C122}.Release|x86.Build.0 = Release|Any CPU
		{590C323B-06B8-46D2-A97C-07F092C59415}.Debug|Any CPU.ActiveCfg = Debug|Any CPU
		{590C323B-06B8-46D2-A97C-07F092C59415}.Debug|Any CPU.Build.0 = Debug|Any CPU
		{590C323B-06B8-46D2-A97C-07F092C59415}.Debug|x64.ActiveCfg = Debug|Any CPU
		{590C323B-06B8-46D2-A97C-07F092C59415}.Debug|x64.Build.0 = Debug|Any CPU
		{590C323B-06B8-46D2-A97C-07F092C59415}.Debug|x86.ActiveCfg = Debug|Any CPU
		{590C323B-06B8-46D2-A97C-07F092C59415}.Debug|x86.Build.0 = Debug|Any CPU
		{590C323B-06B8-46D2-A97C-07F092C59415}.Release|Any CPU.ActiveCfg = Release|Any CPU
		{590C323B-06B8-46D2-A97C-07F092C59415}.Release|Any CPU.Build.0 = Release|Any CPU
		{590C323B-06B8-46D2-A97C-07F092C59415}.Release|x64.ActiveCfg = Release|Any CPU
		{590C323B-06B8-46D2-A97C-07F092C59415}.Release|x64.Build.0 = Release|Any CPU
		{590C323B-06B8-46D2-A97C-07F092C59415}.Release|x86.ActiveCfg = Release|Any CPU
		{590C323B-06B8-46D2-A97C-07F092C59415}.Release|x86.Build.0 = Release|Any CPU
		{5D04C04E-5023-4A9D-BD35-F07926684C53}.Debug|Any CPU.ActiveCfg = Debug|Any CPU
		{5D04C04E-5023-4A9D-BD35-F07926684C53}.Debug|Any CPU.Build.0 = Debug|Any CPU
		{5D04C04E-5023-4A9D-BD35-F07926684C53}.Debug|x64.ActiveCfg = Debug|Any CPU
		{5D04C04E-5023-4A9D-BD35-F07926684C53}.Debug|x64.Build.0 = Debug|Any CPU
		{5D04C04E-5023-4A9D-BD35-F07926684C53}.Debug|x86.ActiveCfg = Debug|Any CPU
		{5D04C04E-5023-4A9D-BD35-F07926684C53}.Debug|x86.Build.0 = Debug|Any CPU
		{5D04C04E-5023-4A9D-BD35-F07926684C53}.Release|Any CPU.ActiveCfg = Release|Any CPU
		{5D04C04E-5023-4A9D-BD35-F07926684C53}.Release|Any CPU.Build.0 = Release|Any CPU
		{5D04C04E-5023-4A9D-BD35-F07926684C53}.Release|x64.ActiveCfg = Release|Any CPU
		{5D04C04E-5023-4A9D-BD35-F07926684C53}.Release|x64.Build.0 = Release|Any CPU
		{5D04C04E-5023-4A9D-BD35-F07926684C53}.Release|x86.ActiveCfg = Release|Any CPU
		{5D04C04E-5023-4A9D-BD35-F07926684C53}.Release|x86.Build.0 = Release|Any CPU
		{33E8B209-2372-4118-929D-B3AA83BDF262}.Debug|Any CPU.ActiveCfg = Debug|Any CPU
		{33E8B209-2372-4118-929D-B3AA83BDF262}.Debug|Any CPU.Build.0 = Debug|Any CPU
		{33E8B209-2372-4118-929D-B3AA83BDF262}.Debug|x64.ActiveCfg = Debug|Any CPU
		{33E8B209-2372-4118-929D-B3AA83BDF262}.Debug|x64.Build.0 = Debug|Any CPU
		{33E8B209-2372-4118-929D-B3AA83BDF262}.Debug|x86.ActiveCfg = Debug|Any CPU
		{33E8B209-2372-4118-929D-B3AA83BDF262}.Debug|x86.Build.0 = Debug|Any CPU
		{33E8B209-2372-4118-929D-B3AA83BDF262}.Release|Any CPU.ActiveCfg = Release|Any CPU
		{33E8B209-2372-4118-929D-B3AA83BDF262}.Release|Any CPU.Build.0 = Release|Any CPU
		{33E8B209-2372-4118-929D-B3AA83BDF262}.Release|x64.ActiveCfg = Release|Any CPU
		{33E8B209-2372-4118-929D-B3AA83BDF262}.Release|x64.Build.0 = Release|Any CPU
		{33E8B209-2372-4118-929D-B3AA83BDF262}.Release|x86.ActiveCfg = Release|Any CPU
		{33E8B209-2372-4118-929D-B3AA83BDF262}.Release|x86.Build.0 = Release|Any CPU
		{871E2C2F-5622-4A75-94AE-2D7F39EA20DF}.Debug|Any CPU.ActiveCfg = Debug|Any CPU
		{871E2C2F-5622-4A75-94AE-2D7F39EA20DF}.Debug|Any CPU.Build.0 = Debug|Any CPU
		{871E2C2F-5622-4A75-94AE-2D7F39EA20DF}.Debug|x64.ActiveCfg = Debug|Any CPU
		{871E2C2F-5622-4A75-94AE-2D7F39EA20DF}.Debug|x64.Build.0 = Debug|Any CPU
		{871E2C2F-5622-4A75-94AE-2D7F39EA20DF}.Debug|x86.ActiveCfg = Debug|Any CPU
		{871E2C2F-5622-4A75-94AE-2D7F39EA20DF}.Debug|x86.Build.0 = Debug|Any CPU
		{871E2C2F-5622-4A75-94AE-2D7F39EA20DF}.Release|Any CPU.ActiveCfg = Release|Any CPU
		{871E2C2F-5622-4A75-94AE-2D7F39EA20DF}.Release|Any CPU.Build.0 = Release|Any CPU
		{871E2C2F-5622-4A75-94AE-2D7F39EA20DF}.Release|x64.ActiveCfg = Release|Any CPU
		{871E2C2F-5622-4A75-94AE-2D7F39EA20DF}.Release|x64.Build.0 = Release|Any CPU
		{871E2C2F-5622-4A75-94AE-2D7F39EA20DF}.Release|x86.ActiveCfg = Release|Any CPU
		{871E2C2F-5622-4A75-94AE-2D7F39EA20DF}.Release|x86.Build.0 = Release|Any CPU
	EndGlobalSection
	GlobalSection(SolutionProperties) = preSolution
		HideSolutionNode = FALSE
	EndGlobalSection
	GlobalSection(NestedProjects) = preSolution
		{C01EC5CB-F78E-415F-9D52-9F89C68ABC4A} = {DB6F4D1E-3CBF-402D-838B-499378F8DB51}
		{BEDFF3C0-1526-4942-A640-86639012C122} = {DB6F4D1E-3CBF-402D-838B-499378F8DB51}
		{590C323B-06B8-46D2-A97C-07F092C59415} = {DB6F4D1E-3CBF-402D-838B-499378F8DB51}
		{5D04C04E-5023-4A9D-BD35-F07926684C53} = {DB6F4D1E-3CBF-402D-838B-499378F8DB51}
		{33E8B209-2372-4118-929D-B3AA83BDF262} = {DB6F4D1E-3CBF-402D-838B-499378F8DB51}
		{871E2C2F-5622-4A75-94AE-2D7F39EA20DF} = {EA80EAF8-56A0-4788-AA29-E770E218B9C1}
	EndGlobalSection
	GlobalSection(ExtensibilityGlobals) = postSolution
		SolutionGuid = {7817473C-530F-4BCC-9D95-7F6E9D5133E9}
	EndGlobalSection
EndGlobal
